
Microsoft Visual Studio Solution File, Format Version 12.00
# Visual Studio 15
Project("{FAE04EC0-301F-11D3-BF4B-00C04F79EFBC}") = "Jellyfin.Plugin.JellySub", "Jellyfin.Plugin.JellySub/Jellyfin.Plugin.JellySub.csproj", "{A8B56A08-4E33-4A8C-B3E1-24E3B8B1E6C1}"
EndProject
Global
	GlobalSection(SolutionConfigurationPlatforms) = preSolution
		Debug|Any CPU = Debug|Any CPU
		Release|Any CPU = Release|Any CPU
	EndGlobalSection
	GlobalSection(ProjectConfigurationPlatforms) = postSolution
		{A8B56A08-4E33-4A8C-B3E1-24E3B8B1E6C1}.Debug|Any CPU.ActiveCfg = Debug|Any CPU
		{A8B56A08-4E33-4A8C-B3E1-24E3B8B1E6C1}.Debug|Any CPU.Build.0 = Debug|Any CPU
		{A8B56A08-4E33-4A8C-B3E1-24E3B8B1E6C1}.Release|Any CPU.ActiveCfg = Release|Any CPU
		{A8B56A08-4E33-4A8C-B3E1-24E3B8B1E6C1}.Release|Any CPU.Build.0 = Release|Any CPU
	EndGlobalSection
EndGlobal
